
Microsoft Visual Studio Solution File, Format Version 12.00
# Visual Studio Version 17
VisualStudioVersion = 17.13.35806.99
MinimumVisualStudioVersion = 10.0.40219.1
Project("{FAE04EC0-301F-11D3-BF4B-00C04F79EFBC}") = "CRUD_Tarefas_API", "CRUD_Tarefas\CRUD_Tarefas_API.csproj", "{B754809F-755D-4C99-A7D3-B91DDFC28A9E}"
EndProject
Global
	GlobalSection(SolutionConfigurationPlatforms) = preSolution
		Debug|Any CPU = Debug|Any CPU
		Release|Any CPU = Release|Any CPU
	EndGlobalSection
	GlobalSection(ProjectConfigurationPlatforms) = postSolution
		{B754809F-755D-4C99-A7D3-B91DDFC28A9E}.Debug|Any CPU.ActiveCfg = Debug|Any CPU
		{B754809F-755D-4C99-A7D3-B91DDFC28A9E}.Debug|Any CPU.Build.0 = Debug|Any CPU
		{B754809F-755D-4C99-A7D3-B91DDFC28A9E}.Release|Any CPU.ActiveCfg = Release|Any CPU
		{B754809F-755D-4C99-A7D3-B91DDFC28A9E}.Release|Any CPU.Build.0 = Release|Any CPU
	EndGlobalSection
	GlobalSection(SolutionProperties) = preSolution
		HideSolutionNode = FALSE
	EndGlobalSection
	GlobalSection(ExtensibilityGlobals) = postSolution
		SolutionGuid = {A4515465-AF2D-4BB1-9889-FF5E2EC624C6}
	EndGlobalSection
EndGlobal
